{
  "nodes": {
    "nixpkgs": {
      "locked": {
        "lastModified": 1789280208,
        "narHash": "sha256-wsRdSaGIIn+n1Q5xIRcmNlW3SWhctz73S8sUfjezcnY=",
        "owner": "layus",
        "repo": "nixpkgs",
        "rev": "478f3e6576a4724de7396657a962038286f7dd20",
        "type": "github"
      },
      "original": {
        "owner": "layus",
        "ref": "nixception-hook-shell-mode",
        "repo": "nixpkgs",
        "type": "github"
      }
    },
    "root": {
      "inputs": {
        "nixpkgs": "nixpkgs"
      }
    }
  },
  "root": "root",
  "version": 7
}
